
Microsoft Visual Studio Solution File, Format Version 12.00
# Visual Studio Version 16
VisualStudioVersion = 16.0.31112.23
MinimumVisualStudioVersion = 10.0.40219.1
Project("{FAE04EC0-301F-11D3-BF4B-00C04F79EFBC}") = "CommunityGateClient", "CommunityGateClient\CommunityGateClient.csproj", "{F0CE023D-8302-4AEF-8C94-15629F784E8F}"
EndProject
Global
	GlobalSection(SolutionConfigurationPlatforms) = preSolution
		Debug|Any CPU = Debug|Any CPU
		Release|Any CPU = Release|Any CPU
	EndGlobalSection
	GlobalSection(ProjectConfigurationPlatforms) = postSolution
		{F0CE023D-8302-4AEF-8C94-15629F784E8F}.Debug|Any CPU.ActiveCfg = Debug|Any CPU
		{F0CE023D-8302-4AEF-8C94-15629F784E8F}.Debug|Any CPU.Build.0 = Debug|Any CPU
		{F0CE023D-8302-4AEF-8C94-15629F784E8F}.Release|Any CPU.ActiveCfg = Release|Any CPU
		{F0CE023D-8302-4AEF-8C94-15629F784E8F}.Release|Any CPU.Build.0 = Release|Any CPU
	EndGlobalSection
	GlobalSection(SolutionProperties) = preSolution
		HideSolutionNode = FALSE
	EndGlobalSection
	GlobalSection(ExtensibilityGlobals) = postSolution
		SolutionGuid = {A2E2566B-5E8C-4C8D-97CD-B0F6E2E8518E}
	EndGlobalSection
EndGlobal
